// !$*UTF8*$!
{
	archiveVersion = 1;
	classes = {
	};
	objectVersion = 50;
	objects = {

/* Begin PBXBuildFile section */
		56575D9C22552FCF00B57DB1 /* AppDelegate.swift in Sources */ = {isa = PBXBuildFile; fileRef = 56575D9B22552FCF00B57DB1 /* AppDelegate.swift */; };
		56575D9E22552FCF00B57DB1 /* ViewController.swift in Sources */ = {isa = PBXBuildFile; fileRef = 56575D9D22552FCF00B57DB1 /* ViewController.swift */; };
		56575DA122552FCF00B57DB1 /* Main.storyboard in Resources */ = {isa = PBXBuildFile; fileRef = 56575D9F22552FCF00B57DB1 /* Main.storyboard */; };
		56575DA322552FD300B57DB1 /* Assets.xcassets in Resources */ = {isa = PBXBuildFile; fileRef = 56575DA222552FD300B57DB1 /* Assets.xcassets */; };
		56575DA622552FD300B57DB1 /* LaunchScreen.storyboard in Resources */ = {isa = PBXBuildFile; fileRef = 56575DA422552FD300B57DB1 /* LaunchScreen.storyboard */; };
		56575DAE2255311500B57DB1 /* CounterView.swift in Sources */ = {isa = PBXBuildFile; fileRef = 56575DAD2255311500B57DB1 /* CounterView.swift */; };
		56575DB02255312300B57DB1 /* CounterView.xib in Resources */ = {isa = PBXBuildFile; fileRef = 56575DAF2255312300B57DB1 /* CounterView.xib */; };
		56575DB2225538A800B57DB1 /* StopWatchView.xib in Resources */ = {isa = PBXBuildFile; fileRef = 56575DB1225538A800B57DB1 /* StopWatchView.xib */; };
		56575DB4225538B600B57DB1 /* StopWatchView.swift in Sources */ = {isa = PBXBuildFile; fileRef = 56575DB3225538B600B57DB1 /* StopWatchView.swift */; };
/* End PBXBuildFile section */

/* Begin PBXFileReference section */
		56575D9822552FCF00B57DB1 /* UsabilityLogger.app */ = {isa = PBXFileReference; explicitFileType = wrapper.application; includeInIndex = 0; path = UsabilityLogger.app; sourceTree = BUILT_PRODUCTS_DIR; };
		56575D9B22552FCF00B57DB1 /* AppDelegate.swift */ = {isa = PBXFileReference; lastKnownFileType = sourcecode.swift; path = AppDelegate.swift; sourceTree = "<group>"; };
		56575D9D22552FCF00B57DB1 /* ViewController.swift */ = {isa = PBXFileReference; lastKnownFileType = sourcecode.swift; path = ViewController.swift; sourceTree = "<group>"; };
		56575DA022552FCF00B57DB1 /* Base */ = {isa = PBXFileReference; lastKnownFileType = file.storyboard; name = Base; path = Base.lproj/Main.storyboard; sourceTree = "<group>"; };
		56575DA222552FD300B57DB1 /* Assets.xcassets */ = {isa = PBXFileReference; lastKnownFileType = folder.assetcatalog; path = Assets.xcassets; sourceTree = "<group>"; };
		56575DA522552FD300B57DB1 /* Base */ = {isa = PBXFileReference; lastKnownFileType = file.storyboard; name = Base; path = Base.lproj/LaunchScreen.storyboard; sourceTree = "<group>"; };
		56575DA722552FD300B57DB1 /* Info.plist */ = {isa = PBXFileReference; lastKnownFileType = text.plist.xml; path = Info.plist; sourceTree = "<group>"; };
		56575DAD2255311500B57DB1 /* CounterView.swift */ = {isa = PBXFileReference; lastKnownFileType = sourcecode.swift; path = CounterView.swift; sourceTree = "<group>"; };
		56575DAF2255312300B57DB1 /* CounterView.xib */ = {isa = PBXFileReference; lastKnownFileType = file.xib; path = CounterView.xib; sourceTree = "<group>"; };
		56575DB1225538A800B57DB1 /* StopWatchView.xib */ = {isa = PBXFileReference; lastKnownFileType = file.xib; path = StopWatchView.xib; sourceTree = "<group>"; };
		56575DB3225538B600B57DB1 /* StopWatchView.swift */ = {isa = PBXFileReference; lastKnownFileType = sourcecode.swift; path = StopWatchView.swift; sourceTree = "<group>"; };
/* End PBXFileReference section */

/* Begin PBXFrameworksBuildPhase section */
		56575D9522552FCF00B57DB1 /* Frameworks */ = {
			isa = PBXFrameworksBuildPhase;
			buildActionMask = 2147483647;
			files = (
			);
			runOnlyForDeploymentPostprocessing = 0;
		};
/* End PBXFrameworksBuildPhase section */

/* Begin PBXGroup section */
		56575D8F22552FCF00B57DB1 = {
			isa = PBXGroup;
			children = (
				56575D9A22552FCF00B57DB1 /* UsabilityLogger */,
				56575D9922552FCF00B57DB1 /* Products */,
			);
			sourceTree = "<group>";
		};
		56575D9922552FCF00B57DB1 /* Products */ = {
			isa = PBXGroup;
			children = (
				56575D9822552FCF00B57DB1 /* UsabilityLogger.app */,
			);
			name = Products;
			sourceTree = "<group>";
		};
		56575D9A22552FCF00B57DB1 /* UsabilityLogger */ = {
			isa = PBXGroup;
			children = (
				56575DAD2255311500B57DB1 /* CounterView.swift */,
				56575DAF2255312300B57DB1 /* CounterView.xib */,
				56575DB3225538B600B57DB1 /* StopWatchView.swift */,
				56575DB1225538A800B57DB1 /* StopWatchView.xib */,
				56575D9B22552FCF00B57DB1 /* AppDelegate.swift */,
				56575D9D22552FCF00B57DB1 /* ViewController.swift */,
				56575D9F22552FCF00B57DB1 /* Main.storyboard */,
				56575DA222552FD300B57DB1 /* Assets.xcassets */,
				56575DA422552FD300B57DB1 /* LaunchScreen.storyboard */,
				56575DA722552FD300B57DB1 /* Info.plist */,
			);
			path = UsabilityLogger;
			sourceTree = "<group>";
		};
/* End PBXGroup section */

/* Begin PBXNativeTarget section */
		56575D9722552FCF00B57DB1 /* UsabilityLogger */ = {
			isa = PBXNativeTarget;
			buildConfigurationList = 56575DAA22552FD300B57DB1 /* Build configuration list for PBXNativeTarget "UsabilityLogger" */;
			buildPhases = (
				56575D9422552FCF00B57DB1 /* Sources */,
				56575D9522552FCF00B57DB1 /* Frameworks */,
				56575D9622552FCF00B57DB1 /* Resources */,
			);
			buildRules = (
			);
			dependencies = (
			);
			name = UsabilityLogger;
			productName = UsabilityLogger;
			productReference = 56575D9822552FCF00B57DB1 /* UsabilityLogger.app */;
			productType = "com.apple.product-type.application";
		};
/* End PBXNativeTarget section */

/* Begin PBXProject section */
		56575D9022552FCF00B57DB1 /* Project object */ = {
			isa = PBXProject;
			attributes = {
				LastSwiftUpdateCheck = 1010;
				LastUpgradeCheck = 1010;
				ORGANIZATIONNAME = "Kasper Schultz Davidsen";
				TargetAttributes = {
					56575D9722552FCF00B57DB1 = {
						CreatedOnToolsVersion = 10.1;
					};
				};
			};
			buildConfigurationList = 56575D9322552FCF00B57DB1 /* Build configuration list for PBXProject "UsabilityLogger" */;
			compatibilityVersion = "Xcode 9.3";
			developmentRegion = en;
			hasScannedForEncodings = 0;
			knownRegions = (
				en,
				Base,
			);
			mainGroup = 56575D8F22552FCF00B57DB1;
			productRefGroup = 56575D9922552FCF00B57DB1 /* Products */;
			projectDirPath = "";
			projectRoot = "";
			targets = (
				56575D9722552FCF00B57DB1 /* UsabilityLogger */,
			);
		};
/* End PBXProject section */

/* Begin PBXResourcesBuildPhase section */
		56575D9622552FCF00B57DB1 /* Resources */ = {
			isa = PBXResourcesBuildPhase;
			buildActionMask = 2147483647;
			files = (
				56575DA622552FD300B57DB1 /* LaunchScreen.storyboard in Resources */,
				56575DA322552FD300B57DB1 /* Assets.xcassets in Resources */,
				56575DA122552FCF00B57DB1 /* Main.storyboard in Resources */,
				56575DB2225538A800B57DB1 /* StopWatchView.xib in Resources */,
				56575DB02255312300B57DB1 /* CounterView.xib in Resources */,
			);
			runOnlyForDeploymentPostprocessing = 0;
		};
/* End PBXResourcesBuildPhase section */

/* Begin PBXSourcesBuildPhase section */
		56575D9422552FCF00B57DB1 /* Sources */ = {
			isa = PBXSourcesBuildPhase;
			buildActionMask = 2147483647;
			files = (
				56575D9E22552FCF00B57DB1 /* ViewController.swift in Sources */,
				56575D9C22552FCF00B57DB1 /* AppDelegate.swift in Sources */,
				56575DB4225538B600B57DB1 /* StopWatchView.swift in Sources */,
				56575DAE2255311500B57DB1 /* CounterView.swift in Sources */,
			);
			runOnlyForDeploymentPostprocessing = 0;
		};
/* End PBXSourcesBuildPhase section */

/* Begin PBXVariantGroup section */
		56575D9F22552FCF00B57DB1 /* Main.storyboard */ = {
			isa = PBXVariantGroup;
			children = (
				56575DA022552FCF00B57DB1 /* Base */,
			);
			name = Main.storyboard;
			sourceTree = "<group>";
		};
		56575DA422552FD300B57DB1 /* LaunchScreen.storyboard */ = {
			isa = PBXVariantGroup;
			children = (
				56575DA522552FD300B57DB1 /* Base */,
			);
			name = LaunchScreen.storyboard;
			sourceTree = "<group>";
		};
/* End PBXVariantGroup section */

/* Begin XCBuildConfiguration section */
		56575DA822552FD300B57DB1 /* Debug */ = {
			isa = XCBuildConfiguration;
			buildSettings = {
				ALWAYS_SEARCH_USER_PATHS = NO;
				CLANG_ANALYZER_NONNULL = YES;
				CLANG_ANALYZER_NUMBER_OBJECT_CONVERSION = YES_AGGRESSIVE;
				CLANG_CXX_LANGUAGE_STANDARD = "gnu++14";
				CLANG_CXX_LIBRARY = "libc++";
				CLANG_ENABLE_MODULES = YES;
				CLANG_ENABLE_OBJC_ARC = YES;
				CLANG_ENABLE_OBJC_WEAK = YES;
				CLANG_WARN_BLOCK_CAPTURE_AUTORELEASING = YES;
				CLANG_WARN_BOOL_CONVERSION = YES;
				CLANG_WARN_COMMA = YES;
				CLANG_WARN_CONSTANT_CONVERSION = YES;
				CLANG_WARN_DEPRECATED_OBJC_IMPLEMENTATIONS = YES;
				CLANG_WARN_DIRECT_OBJC_ISA_USAGE = YES_ERROR;
				CLANG_WARN_DOCUMENTATION_COMMENTS = YES;
				CLANG_WARN_EMPTY_BODY = YES;
				CLANG_WARN_ENUM_CONVERSION = YES;
				CLANG_WARN_INFINITE_RECURSION = YES;
				CLANG_WARN_INT_CONVERSION = YES;
				CLANG_WARN_NON_LITERAL_NULL_CONVERSION = YES;
				CLANG_WARN_OBJC_IMPLICIT_RETAIN_SELF = YES;
				CLANG_WARN_OBJC_LITERAL_CONVERSION = YES;
				CLANG_WARN_OBJC_ROOT_CLASS = YES_ERROR;
				CLANG_WARN_RANGE_LOOP_ANALYSIS = YES;
				CLANG_WARN_STRICT_PROTOTYPES = YES;
				CLANG_WARN_SUSPICIOUS_MOVE = YES;
				CLANG_WARN_UNGUARDED_AVAILABILITY = YES_AGGRESSIVE;
				CLANG_WARN_UNREACHABLE_CODE = YES;
				CLANG_WARN__DUPLICATE_METHOD_MATCH = YES;
				CODE_SIGN_IDENTITY = "iPhone Developer";
				COPY_PHASE_STRIP = NO;
				DEBUG_INFORMATION_FORMAT = dwarf;
				ENABLE_STRICT_OBJC_MSGSEND = YES;
				ENABLE_TESTABILITY = YES;
				GCC_C_LANGUAGE_STANDARD = gnu11;
				GCC_DYNAMIC_NO_PIC = NO;
				GCC_NO_COMMON_BLOCKS = YES;
				GCC_OPTIMIZATION_LEVEL = 0;
				GCC_PREPROCESSOR_DEFINITIONS = (
					"DEBUG=1",
					"$(inherited)",
				);
				GCC_WARN_64_TO_32_BIT_CONVERSION = YES;
				GCC_WARN_ABOUT_RETURN_TYPE = YES_ERROR;
				GCC_WARN_UNDECLARED_SELECTOR = YES;
				GCC_WARN_UNINITIALIZED_AUTOS = YES_AGGRESSIVE;
				GCC_WARN_UNUSED_FUNCTION = YES;
				GCC_WARN_UNUSED_VARIABLE = YES;
				IPHONEOS_DEPLOYMENT_TARGET = 12.1;
				MTL_ENABLE_DEBUG_INFO = INCLUDE_SOURCE;
				MTL_FAST_MATH = YES;
				ONLY_ACTIVE_ARCH = YES;
				SDKROOT = iphoneos;
				SWIFT_ACTIVE_COMPILATION_CONDITIONS = DEBUG;
				SWIFT_OPTIMIZATION_LEVEL = "-Onone";
			};
			name = Debug;
		};
		56575DA922552FD300B57DB1 /* Release */ = {
			isa = XCBuildConfiguration;
			buildSettings = {
				ALWAYS_SEARCH_USER_PATHS = NO;
				CLANG_ANALYZER_NONNULL = YES;
				CLANG_ANALYZER_NUMBER_OBJECT_CONVERSION = YES_AGGRESSIVE;
				CLANG_CXX_LANGUAGE_STANDARD = "gnu++14";
				CLANG_CXX_LIBRARY = "libc++";
				CLANG_ENABLE_MODULES = YES;
				CLANG_ENABLE_OBJC_ARC = YES;
				CLANG_ENABLE_OBJC_WEAK = YES;
				CLANG_WARN_BLOCK_CAPTURE_AUTORELEASING = YES;
				CLANG_WARN_BOOL_CONVERSION = YES;
				CLANG_WARN_COMMA = YES;
				CLANG_WARN_CONSTANT_CONVERSION = YES;
				CLANG_WARN_DEPRECATED_OBJC_IMPLEMENTATIONS = YES;
				CLANG_WARN_DIRECT_OBJC_ISA_USAGE = YES_ERROR;
				CLANG_WARN_DOCUMENTATION_COMMENTS = YES;
				CLANG_WARN_EMPTY_BODY = YES;
				CLANG_WARN_ENUM_CONVERSION = YES;
				CLANG_WARN_INFINITE_RECURSION = YES;
				CLANG_WARN_INT_CONVERSION = YES;
				CLANG_WARN_NON_LITERAL_NULL_CONVERSION = YES;
				CLANG_WARN_OBJC_IMPLICIT_RETAIN_SELF = YES;
				CLANG_WARN_OBJC_LITERAL_CONVERSION = YES;
				CLANG_WARN_OBJC_ROOT_CLASS = YES_ERROR;
				CLANG_WARN_RANGE_LOOP_ANALYSIS = YES;
				CLANG_WARN_STRICT_PROTOTYPES = YES;
				CLANG_WARN_SUSPICIOUS_MOVE = YES;
				CLANG_WARN_UNGUARDED_AVAILABILITY = YES_AGGRESSIVE;
				CLANG_WARN_UNREACHABLE_CODE = YES;
				CLANG_WARN__DUPLICATE_METHOD_MATCH = YES;
				CODE_SIGN_IDENTITY = "iPhone Developer";
				COPY_PHASE_STRIP = NO;
				DEBUG_INFORMATION_FORMAT = "dwarf-with-dsym";
				ENABLE_NS_ASSERTIONS = NO;
				ENABLE_STRICT_OBJC_MSGSEND = YES;
				GCC_C_LANGUAGE_STANDARD = gnu11;
				GCC_NO_COMMON_BLOCKS = YES;
				GCC_WARN_64_TO_32_BIT_CONVERSION = YES;
				GCC_WARN_ABOUT_RETURN_TYPE = YES_ERROR;
				GCC_WARN_UNDECLARED_SELECTOR = YES;
				GCC_WARN_UNINITIALIZED_AUTOS = YES_AGGRESSIVE;
				GCC_WARN_UNUSED_FUNCTION = YES;
				GCC_WARN_UNUSED_VARIABLE = YES;
				IPHONEOS_DEPLOYMENT_TARGET = 12.1;
				MTL_ENABLE_DEBUG_INFO = NO;
				MTL_FAST_MATH = YES;
				SDKROOT = iphoneos;
				SWIFT_COMPILATION_MODE = wholemodule;
				SWIFT_OPTIMIZATION_LEVEL = "-O";
				VALIDATE_PRODUCT = YES;
			};
			name = Release;
		};
		56575DAB22552FD300B57DB1 /* Debug */ = {
			isa = XCBuildConfiguration;
			buildSettings = {
				ASSETCATALOG_COMPILER_APPICON_NAME = AppIcon;
				CODE_SIGN_STYLE = Automatic;
				DEVELOPMENT_TEAM = T8D932Y62R;
				INFOPLIST_FILE = UsabilityLogger/Info.plist;
				LD_RUNPATH_SEARCH_PATHS = (
					"$(inherited)",
					"@executable_path/Frameworks",
				);
				PRODUCT_BUNDLE_IDENTIFIER = com.sdu.arprogramming.UsabilityLogger;
				PRODUCT_NAME = "$(TARGET_NAME)";
				SWIFT_VERSION = 4.2;
				TARGETED_DEVICE_FAMILY = "1,2";
			};
			name = Debug;
		};
		56575DAC22552FD300B57DB1 /* Release */ = {
			isa = XCBuildConfiguration;
			buildSettings = {
				ASSETCATALOG_COMPILER_APPICON_NAME = AppIcon;
				CODE_SIGN_STYLE = Automatic;
				DEVELOPMENT_TEAM = T8D932Y62R;
				INFOPLIST_FILE = UsabilityLogger/Info.plist;
				LD_RUNPATH_SEARCH_PATHS = (
					"$(inherited)",
					"@executable_path/Frameworks",
				);
				PRODUCT_BUNDLE_IDENTIFIER = com.sdu.arprogramming.UsabilityLogger;
				PRODUCT_NAME = "$(TARGET_NAME)";
				SWIFT_VERSION = 4.2;
				TARGETED_DEVICE_FAMILY = "1,2";
			};
			name = Release;
		};
/* End XCBuildConfiguration section */

/* Begin XCConfigurationList section */
		56575D9322552FCF00B57DB1 /* Build configuration list for PBXProject "UsabilityLogger" */ = {
			isa = XCConfigurationList;
			buildConfigurations = (
				56575DA822552FD300B57DB1 /* Debug */,
				56575DA922552FD300B57DB1 /* Release */,
			);
			defaultConfigurationIsVisible = 0;
			defaultConfigurationName = Release;
		};
		56575DAA22552FD300B57DB1 /* Build configuration list for PBXNativeTarget "UsabilityLogger" */ = {
			isa = XCConfigurationList;
			buildConfigurations = (
				56575DAB22552FD300B57DB1 /* Debug */,
				56575DAC22552FD300B57DB1 /* Release */,
			);
			defaultConfigurationIsVisible = 0;
			defaultConfigurationName = Release;
		};
/* End XCConfigurationList section */
	};
	rootObject = 56575D9022552FCF00B57DB1 /* Project object */;
}
